{
	"name": "buttons-ym",
	"version": "0.1.0",
	"lockfileVersion": 1,
	"requires": true,
	"dependencies": {
		"spinner-rdml": {
			"version": "0.0.12",
			"resolved": "https://registry.npmjs.org/spinner-rdml/-/spinner-rdml-0.0.12.tgz",
			"integrity": "sha512-UcVAckToOZUkB/e/+R1KiQFLfLhWGEVMSrvekV+t0tVKSxpGtka74c1Mx7LKLHDjEzBJZePxglufxM5AhphkLQ=="
		}
	}
}
